
Microsoft Visual Studio Solution File, Format Version 12.00
# Visual Studio 2012
Project("{FAE04EC0-301F-11D3-BF4B-00C04F79EFBC}") = "TabsPage", "TabsPage\TabsPage.csproj", "{01FF15D3-0964-4FA7-8C04-4755493EAE13}"
EndProject
Project("{FAE04EC0-301F-11D3-BF4B-00C04F79EFBC}") = "TabsPage.iOS", "iOS\TabsPage.iOS.csproj", "{919B1D1D-2D69-4604-894E-0475808CE3CD}"
EndProject
Project("{FAE04EC0-301F-11D3-BF4B-00C04F79EFBC}") = "TabsPage.Droid", "Droid\TabsPage.Droid.csproj", "{CBDA1E41-1D41-4E9F-A856-225B64E985AB}"
EndProject
Global
	GlobalSection(SolutionConfigurationPlatforms) = preSolution
		Debug|Any CPU = Debug|Any CPU
		Release|Any CPU = Release|Any CPU
		Debug|iPhoneSimulator = Debug|iPhoneSimulator
		Release|iPhoneSimulator = Release|iPhoneSimulator
		Debug|iPhone = Debug|iPhone
		Release|iPhone = Release|iPhone
		Ad-Hoc|iPhone = Ad-Hoc|iPhone
		AppStore|iPhone = AppStore|iPhone
	EndGlobalSection
	GlobalSection(ProjectConfigurationPlatforms) = postSolution
		{01FF15D3-0964-4FA7-8C04-4755493EAE13}.Ad-Hoc|iPhone.ActiveCfg = Debug|Any CPU
		{01FF15D3-0964-4FA7-8C04-4755493EAE13}.Ad-Hoc|iPhone.Build.0 = Debug|Any CPU
		{01FF15D3-0964-4FA7-8C04-4755493EAE13}.AppStore|iPhone.ActiveCfg = Debug|Any CPU
		{01FF15D3-0964-4FA7-8C04-4755493EAE13}.AppStore|iPhone.Build.0 = Debug|Any CPU
		{01FF15D3-0964-4FA7-8C04-4755493EAE13}.Debug|Any CPU.ActiveCfg = Debug|Any CPU
		{01FF15D3-0964-4FA7-8C04-4755493EAE13}.Debug|Any CPU.Build.0 = Debug|Any CPU
		{01FF15D3-0964-4FA7-8C04-4755493EAE13}.Debug|iPhone.ActiveCfg = Debug|Any CPU
		{01FF15D3-0964-4FA7-8C04-4755493EAE13}.Debug|iPhone.Build.0 = Debug|Any CPU
		{01FF15D3-0964-4FA7-8C04-4755493EAE13}.Debug|iPhoneSimulator.ActiveCfg = Debug|Any CPU
		{01FF15D3-0964-4FA7-8C04-4755493EAE13}.Debug|iPhoneSimulator.Build.0 = Debug|Any CPU
		{01FF15D3-0964-4FA7-8C04-4755493EAE13}.Release|Any CPU.ActiveCfg = Release|Any CPU
		{01FF15D3-0964-4FA7-8C04-4755493EAE13}.Release|Any CPU.Build.0 = Release|Any CPU
		{01FF15D3-0964-4FA7-8C04-4755493EAE13}.Release|iPhone.ActiveCfg = Release|Any CPU
		{01FF15D3-0964-4FA7-8C04-4755493EAE13}.Release|iPhone.Build.0 = Release|Any CPU
		{01FF15D3-0964-4FA7-8C04-4755493EAE13}.Release|iPhoneSimulator.ActiveCfg = Release|Any CPU
		{01FF15D3-0964-4FA7-8C04-4755493EAE13}.Release|iPhoneSimulator.Build.0 = Release|Any CPU
		{919B1D1D-2D69-4604-894E-0475808CE3CD}.Ad-Hoc|iPhone.ActiveCfg = Ad-Hoc|iPhone
		{919B1D1D-2D69-4604-894E-0475808CE3CD}.Ad-Hoc|iPhone.Build.0 = Ad-Hoc|iPhone
		{919B1D1D-2D69-4604-894E-0475808CE3CD}.AppStore|iPhone.ActiveCfg = AppStore|iPhone
		{919B1D1D-2D69-4604-894E-0475808CE3CD}.AppStore|iPhone.Build.0 = AppStore|iPhone
		{919B1D1D-2D69-4604-894E-0475808CE3CD}.Debug|Any CPU.ActiveCfg = Debug|iPhoneSimulator
		{919B1D1D-2D69-4604-894E-0475808CE3CD}.Debug|Any CPU.Build.0 = Debug|iPhoneSimulator
		{919B1D1D-2D69-4604-894E-0475808CE3CD}.Debug|iPhone.ActiveCfg = Debug|iPhone
		{919B1D1D-2D69-4604-894E-0475808CE3CD}.Debug|iPhone.Build.0 = Debug|iPhone
		{919B1D1D-2D69-4604-894E-0475808CE3CD}.Debug|iPhoneSimulator.ActiveCfg = Debug|iPhoneSimulator
		{919B1D1D-2D69-4604-894E-0475808CE3CD}.Debug|iPhoneSimulator.Build.0 = Debug|iPhoneSimulator
		{919B1D1D-2D69-4604-894E-0475808CE3CD}.Release|Any CPU.ActiveCfg = Release|iPhoneSimulator
		{919B1D1D-2D69-4604-894E-0475808CE3CD}.Release|Any CPU.Build.0 = Release|iPhoneSimulator
		{919B1D1D-2D69-4604-894E-0475808CE3CD}.Release|iPhone.ActiveCfg = Release|iPhone
		{919B1D1D-2D69-4604-894E-0475808CE3CD}.Release|iPhone.Build.0 = Release|iPhone
		{919B1D1D-2D69-4604-894E-0475808CE3CD}.Release|iPhoneSimulator.ActiveCfg = Release|iPhoneSimulator
		{919B1D1D-2D69-4604-894E-0475808CE3CD}.Release|iPhoneSimulator.Build.0 = Release|iPhoneSimulator
		{CBDA1E41-1D41-4E9F-A856-225B64E985AB}.Ad-Hoc|iPhone.ActiveCfg = Release|Any CPU
		{CBDA1E41-1D41-4E9F-A856-225B64E985AB}.Ad-Hoc|iPhone.Build.0 = Release|Any CPU
		{CBDA1E41-1D41-4E9F-A856-225B64E985AB}.AppStore|iPhone.ActiveCfg = Release|Any CPU
		{CBDA1E41-1D41-4E9F-A856-225B64E985AB}.AppStore|iPhone.Build.0 = Release|Any CPU
		{CBDA1E41-1D41-4E9F-A856-225B64E985AB}.Debug|Any CPU.ActiveCfg = Debug|Any CPU
		{CBDA1E41-1D41-4E9F-A856-225B64E985AB}.Debug|Any CPU.Build.0 = Debug|Any CPU
		{CBDA1E41-1D41-4E9F-A856-225B64E985AB}.Debug|iPhone.ActiveCfg = Debug|Any CPU
		{CBDA1E41-1D41-4E9F-A856-225B64E985AB}.Debug|iPhone.Build.0 = Debug|Any CPU
		{CBDA1E41-1D41-4E9F-A856-225B64E985AB}.Debug|iPhoneSimulator.ActiveCfg = Debug|Any CPU
		{CBDA1E41-1D41-4E9F-A856-225B64E985AB}.Debug|iPhoneSimulator.Build.0 = Debug|Any CPU
		{CBDA1E41-1D41-4E9F-A856-225B64E985AB}.Release|Any CPU.ActiveCfg = Release|Any CPU
		{CBDA1E41-1D41-4E9F-A856-225B64E985AB}.Release|Any CPU.Build.0 = Release|Any CPU
		{CBDA1E41-1D41-4E9F-A856-225B64E985AB}.Release|iPhone.ActiveCfg = Release|Any CPU
		{CBDA1E41-1D41-4E9F-A856-225B64E985AB}.Release|iPhone.Build.0 = Release|Any CPU
		{CBDA1E41-1D41-4E9F-A856-225B64E985AB}.Release|iPhoneSimulator.ActiveCfg = Release|Any CPU
		{CBDA1E41-1D41-4E9F-A856-225B64E985AB}.Release|iPhoneSimulator.Build.0 = Release|Any CPU
	EndGlobalSection
EndGlobal
