
Microsoft Visual Studio Solution File, Format Version 12.00
# Visual Studio 2012
Project("{FAE04EC0-301F-11D3-BF4B-00C04F79EFBC}") = "MasterDetail", "MasterDetail\MasterDetail.csproj", "{B8CA4C75-D33A-4A82-8229-514C1B7FEBE3}"
EndProject
Project("{FAE04EC0-301F-11D3-BF4B-00C04F79EFBC}") = "MasterDetail.iOS", "iOS\MasterDetail.iOS.csproj", "{18B7450B-3BF0-4F94-A1E7-5954C328D7B7}"
EndProject
Project("{FAE04EC0-301F-11D3-BF4B-00C04F79EFBC}") = "MasterDetail.Droid", "Droid\MasterDetail.Droid.csproj", "{0B16C371-A8D3-4C72-83DF-CCF2A862564E}"
EndProject
Global
	GlobalSection(SolutionConfigurationPlatforms) = preSolution
		Debug|Any CPU = Debug|Any CPU
		Release|Any CPU = Release|Any CPU
		Debug|iPhoneSimulator = Debug|iPhoneSimulator
		Release|iPhoneSimulator = Release|iPhoneSimulator
		Debug|iPhone = Debug|iPhone
		Release|iPhone = Release|iPhone
		Ad-Hoc|iPhone = Ad-Hoc|iPhone
		AppStore|iPhone = AppStore|iPhone
	EndGlobalSection
	GlobalSection(ProjectConfigurationPlatforms) = postSolution
		{0B16C371-A8D3-4C72-83DF-CCF2A862564E}.Ad-Hoc|iPhone.ActiveCfg = Release|Any CPU
		{0B16C371-A8D3-4C72-83DF-CCF2A862564E}.Ad-Hoc|iPhone.Build.0 = Release|Any CPU
		{0B16C371-A8D3-4C72-83DF-CCF2A862564E}.AppStore|iPhone.ActiveCfg = Release|Any CPU
		{0B16C371-A8D3-4C72-83DF-CCF2A862564E}.AppStore|iPhone.Build.0 = Release|Any CPU
		{0B16C371-A8D3-4C72-83DF-CCF2A862564E}.Debug|Any CPU.ActiveCfg = Debug|Any CPU
		{0B16C371-A8D3-4C72-83DF-CCF2A862564E}.Debug|Any CPU.Build.0 = Debug|Any CPU
		{0B16C371-A8D3-4C72-83DF-CCF2A862564E}.Debug|iPhone.ActiveCfg = Debug|Any CPU
		{0B16C371-A8D3-4C72-83DF-CCF2A862564E}.Debug|iPhone.Build.0 = Debug|Any CPU
		{0B16C371-A8D3-4C72-83DF-CCF2A862564E}.Debug|iPhoneSimulator.ActiveCfg = Debug|Any CPU
		{0B16C371-A8D3-4C72-83DF-CCF2A862564E}.Debug|iPhoneSimulator.Build.0 = Debug|Any CPU
		{0B16C371-A8D3-4C72-83DF-CCF2A862564E}.Release|Any CPU.ActiveCfg = Release|Any CPU
		{0B16C371-A8D3-4C72-83DF-CCF2A862564E}.Release|Any CPU.Build.0 = Release|Any CPU
		{0B16C371-A8D3-4C72-83DF-CCF2A862564E}.Release|iPhone.ActiveCfg = Release|Any CPU
		{0B16C371-A8D3-4C72-83DF-CCF2A862564E}.Release|iPhone.Build.0 = Release|Any CPU
		{0B16C371-A8D3-4C72-83DF-CCF2A862564E}.Release|iPhoneSimulator.ActiveCfg = Release|Any CPU
		{0B16C371-A8D3-4C72-83DF-CCF2A862564E}.Release|iPhoneSimulator.Build.0 = Release|Any CPU
		{18B7450B-3BF0-4F94-A1E7-5954C328D7B7}.Ad-Hoc|iPhone.ActiveCfg = Ad-Hoc|iPhone
		{18B7450B-3BF0-4F94-A1E7-5954C328D7B7}.Ad-Hoc|iPhone.Build.0 = Ad-Hoc|iPhone
		{18B7450B-3BF0-4F94-A1E7-5954C328D7B7}.AppStore|iPhone.ActiveCfg = AppStore|iPhone
		{18B7450B-3BF0-4F94-A1E7-5954C328D7B7}.AppStore|iPhone.Build.0 = AppStore|iPhone
		{18B7450B-3BF0-4F94-A1E7-5954C328D7B7}.Debug|Any CPU.ActiveCfg = Debug|iPhoneSimulator
		{18B7450B-3BF0-4F94-A1E7-5954C328D7B7}.Debug|Any CPU.Build.0 = Debug|iPhoneSimulator
		{18B7450B-3BF0-4F94-A1E7-5954C328D7B7}.Debug|iPhone.ActiveCfg = Debug|iPhone
		{18B7450B-3BF0-4F94-A1E7-5954C328D7B7}.Debug|iPhone.Build.0 = Debug|iPhone
		{18B7450B-3BF0-4F94-A1E7-5954C328D7B7}.Debug|iPhoneSimulator.ActiveCfg = Debug|iPhoneSimulator
		{18B7450B-3BF0-4F94-A1E7-5954C328D7B7}.Debug|iPhoneSimulator.Build.0 = Debug|iPhoneSimulator
		{18B7450B-3BF0-4F94-A1E7-5954C328D7B7}.Release|Any CPU.ActiveCfg = Release|iPhoneSimulator
		{18B7450B-3BF0-4F94-A1E7-5954C328D7B7}.Release|Any CPU.Build.0 = Release|iPhoneSimulator
		{18B7450B-3BF0-4F94-A1E7-5954C328D7B7}.Release|iPhone.ActiveCfg = Release|iPhone
		{18B7450B-3BF0-4F94-A1E7-5954C328D7B7}.Release|iPhone.Build.0 = Release|iPhone
		{18B7450B-3BF0-4F94-A1E7-5954C328D7B7}.Release|iPhoneSimulator.ActiveCfg = Release|iPhoneSimulator
		{18B7450B-3BF0-4F94-A1E7-5954C328D7B7}.Release|iPhoneSimulator.Build.0 = Release|iPhoneSimulator
		{B8CA4C75-D33A-4A82-8229-514C1B7FEBE3}.Ad-Hoc|iPhone.ActiveCfg = Debug|Any CPU
		{B8CA4C75-D33A-4A82-8229-514C1B7FEBE3}.Ad-Hoc|iPhone.Build.0 = Debug|Any CPU
		{B8CA4C75-D33A-4A82-8229-514C1B7FEBE3}.AppStore|iPhone.ActiveCfg = Debug|Any CPU
		{B8CA4C75-D33A-4A82-8229-514C1B7FEBE3}.AppStore|iPhone.Build.0 = Debug|Any CPU
		{B8CA4C75-D33A-4A82-8229-514C1B7FEBE3}.Debug|Any CPU.ActiveCfg = Debug|Any CPU
		{B8CA4C75-D33A-4A82-8229-514C1B7FEBE3}.Debug|Any CPU.Build.0 = Debug|Any CPU
		{B8CA4C75-D33A-4A82-8229-514C1B7FEBE3}.Debug|iPhone.ActiveCfg = Debug|Any CPU
		{B8CA4C75-D33A-4A82-8229-514C1B7FEBE3}.Debug|iPhone.Build.0 = Debug|Any CPU
		{B8CA4C75-D33A-4A82-8229-514C1B7FEBE3}.Debug|iPhoneSimulator.ActiveCfg = Debug|Any CPU
		{B8CA4C75-D33A-4A82-8229-514C1B7FEBE3}.Debug|iPhoneSimulator.Build.0 = Debug|Any CPU
		{B8CA4C75-D33A-4A82-8229-514C1B7FEBE3}.Release|Any CPU.ActiveCfg = Release|Any CPU
		{B8CA4C75-D33A-4A82-8229-514C1B7FEBE3}.Release|Any CPU.Build.0 = Release|Any CPU
		{B8CA4C75-D33A-4A82-8229-514C1B7FEBE3}.Release|iPhone.ActiveCfg = Release|Any CPU
		{B8CA4C75-D33A-4A82-8229-514C1B7FEBE3}.Release|iPhone.Build.0 = Release|Any CPU
		{B8CA4C75-D33A-4A82-8229-514C1B7FEBE3}.Release|iPhoneSimulator.ActiveCfg = Release|Any CPU
		{B8CA4C75-D33A-4A82-8229-514C1B7FEBE3}.Release|iPhoneSimulator.Build.0 = Release|Any CPU
	EndGlobalSection
EndGlobal
