
Microsoft Visual Studio Solution File, Format Version 12.00
# Visual Studio 2012
Project("{FAE04EC0-301F-11D3-BF4B-00C04F79EFBC}") = "RainbowContentPage", "RainbowContentPage\RainbowContentPage.csproj", "{1ACFFDD3-93D3-46A7-8666-DD7371ADEED3}"
EndProject
Project("{FAE04EC0-301F-11D3-BF4B-00C04F79EFBC}") = "RainbowContentPage.iOS", "iOS\RainbowContentPage.iOS.csproj", "{B39D95A5-DD42-4254-82C2-774887AA74B6}"
EndProject
Project("{FAE04EC0-301F-11D3-BF4B-00C04F79EFBC}") = "RainbowContentPage.Droid", "Droid\RainbowContentPage.Droid.csproj", "{A16D3798-DB63-4483-BFB6-5B8B77932D93}"
EndProject
Global
	GlobalSection(SolutionConfigurationPlatforms) = preSolution
		Debug|Any CPU = Debug|Any CPU
		Release|Any CPU = Release|Any CPU
		Debug|iPhoneSimulator = Debug|iPhoneSimulator
		Release|iPhoneSimulator = Release|iPhoneSimulator
		Debug|iPhone = Debug|iPhone
		Release|iPhone = Release|iPhone
		Ad-Hoc|iPhone = Ad-Hoc|iPhone
		AppStore|iPhone = AppStore|iPhone
	EndGlobalSection
	GlobalSection(ProjectConfigurationPlatforms) = postSolution
		{1ACFFDD3-93D3-46A7-8666-DD7371ADEED3}.Ad-Hoc|iPhone.ActiveCfg = Debug|Any CPU
		{1ACFFDD3-93D3-46A7-8666-DD7371ADEED3}.Ad-Hoc|iPhone.Build.0 = Debug|Any CPU
		{1ACFFDD3-93D3-46A7-8666-DD7371ADEED3}.AppStore|iPhone.ActiveCfg = Debug|Any CPU
		{1ACFFDD3-93D3-46A7-8666-DD7371ADEED3}.AppStore|iPhone.Build.0 = Debug|Any CPU
		{1ACFFDD3-93D3-46A7-8666-DD7371ADEED3}.Debug|Any CPU.ActiveCfg = Debug|Any CPU
		{1ACFFDD3-93D3-46A7-8666-DD7371ADEED3}.Debug|Any CPU.Build.0 = Debug|Any CPU
		{1ACFFDD3-93D3-46A7-8666-DD7371ADEED3}.Debug|iPhone.ActiveCfg = Debug|Any CPU
		{1ACFFDD3-93D3-46A7-8666-DD7371ADEED3}.Debug|iPhone.Build.0 = Debug|Any CPU
		{1ACFFDD3-93D3-46A7-8666-DD7371ADEED3}.Debug|iPhoneSimulator.ActiveCfg = Debug|Any CPU
		{1ACFFDD3-93D3-46A7-8666-DD7371ADEED3}.Debug|iPhoneSimulator.Build.0 = Debug|Any CPU
		{1ACFFDD3-93D3-46A7-8666-DD7371ADEED3}.Release|Any CPU.ActiveCfg = Release|Any CPU
		{1ACFFDD3-93D3-46A7-8666-DD7371ADEED3}.Release|Any CPU.Build.0 = Release|Any CPU
		{1ACFFDD3-93D3-46A7-8666-DD7371ADEED3}.Release|iPhone.ActiveCfg = Release|Any CPU
		{1ACFFDD3-93D3-46A7-8666-DD7371ADEED3}.Release|iPhone.Build.0 = Release|Any CPU
		{1ACFFDD3-93D3-46A7-8666-DD7371ADEED3}.Release|iPhoneSimulator.ActiveCfg = Release|Any CPU
		{1ACFFDD3-93D3-46A7-8666-DD7371ADEED3}.Release|iPhoneSimulator.Build.0 = Release|Any CPU
		{A16D3798-DB63-4483-BFB6-5B8B77932D93}.Ad-Hoc|iPhone.ActiveCfg = Release|Any CPU
		{A16D3798-DB63-4483-BFB6-5B8B77932D93}.Ad-Hoc|iPhone.Build.0 = Release|Any CPU
		{A16D3798-DB63-4483-BFB6-5B8B77932D93}.AppStore|iPhone.ActiveCfg = Release|Any CPU
		{A16D3798-DB63-4483-BFB6-5B8B77932D93}.AppStore|iPhone.Build.0 = Release|Any CPU
		{A16D3798-DB63-4483-BFB6-5B8B77932D93}.Debug|Any CPU.ActiveCfg = Debug|Any CPU
		{A16D3798-DB63-4483-BFB6-5B8B77932D93}.Debug|Any CPU.Build.0 = Debug|Any CPU
		{A16D3798-DB63-4483-BFB6-5B8B77932D93}.Debug|iPhone.ActiveCfg = Debug|Any CPU
		{A16D3798-DB63-4483-BFB6-5B8B77932D93}.Debug|iPhone.Build.0 = Debug|Any CPU
		{A16D3798-DB63-4483-BFB6-5B8B77932D93}.Debug|iPhoneSimulator.ActiveCfg = Debug|Any CPU
		{A16D3798-DB63-4483-BFB6-5B8B77932D93}.Debug|iPhoneSimulator.Build.0 = Debug|Any CPU
		{A16D3798-DB63-4483-BFB6-5B8B77932D93}.Release|Any CPU.ActiveCfg = Release|Any CPU
		{A16D3798-DB63-4483-BFB6-5B8B77932D93}.Release|Any CPU.Build.0 = Release|Any CPU
		{A16D3798-DB63-4483-BFB6-5B8B77932D93}.Release|iPhone.ActiveCfg = Release|Any CPU
		{A16D3798-DB63-4483-BFB6-5B8B77932D93}.Release|iPhone.Build.0 = Release|Any CPU
		{A16D3798-DB63-4483-BFB6-5B8B77932D93}.Release|iPhoneSimulator.ActiveCfg = Release|Any CPU
		{A16D3798-DB63-4483-BFB6-5B8B77932D93}.Release|iPhoneSimulator.Build.0 = Release|Any CPU
		{B39D95A5-DD42-4254-82C2-774887AA74B6}.Ad-Hoc|iPhone.ActiveCfg = Ad-Hoc|iPhone
		{B39D95A5-DD42-4254-82C2-774887AA74B6}.Ad-Hoc|iPhone.Build.0 = Ad-Hoc|iPhone
		{B39D95A5-DD42-4254-82C2-774887AA74B6}.AppStore|iPhone.ActiveCfg = AppStore|iPhone
		{B39D95A5-DD42-4254-82C2-774887AA74B6}.AppStore|iPhone.Build.0 = AppStore|iPhone
		{B39D95A5-DD42-4254-82C2-774887AA74B6}.Debug|Any CPU.ActiveCfg = Debug|iPhoneSimulator
		{B39D95A5-DD42-4254-82C2-774887AA74B6}.Debug|Any CPU.Build.0 = Debug|iPhoneSimulator
		{B39D95A5-DD42-4254-82C2-774887AA74B6}.Debug|iPhone.ActiveCfg = Debug|iPhone
		{B39D95A5-DD42-4254-82C2-774887AA74B6}.Debug|iPhone.Build.0 = Debug|iPhone
		{B39D95A5-DD42-4254-82C2-774887AA74B6}.Debug|iPhoneSimulator.ActiveCfg = Debug|iPhoneSimulator
		{B39D95A5-DD42-4254-82C2-774887AA74B6}.Debug|iPhoneSimulator.Build.0 = Debug|iPhoneSimulator
		{B39D95A5-DD42-4254-82C2-774887AA74B6}.Release|Any CPU.ActiveCfg = Release|iPhoneSimulator
		{B39D95A5-DD42-4254-82C2-774887AA74B6}.Release|Any CPU.Build.0 = Release|iPhoneSimulator
		{B39D95A5-DD42-4254-82C2-774887AA74B6}.Release|iPhone.ActiveCfg = Release|iPhone
		{B39D95A5-DD42-4254-82C2-774887AA74B6}.Release|iPhone.Build.0 = Release|iPhone
		{B39D95A5-DD42-4254-82C2-774887AA74B6}.Release|iPhoneSimulator.ActiveCfg = Release|iPhoneSimulator
		{B39D95A5-DD42-4254-82C2-774887AA74B6}.Release|iPhoneSimulator.Build.0 = Release|iPhoneSimulator
	EndGlobalSection
EndGlobal
